PODS:
  - FirebaseFirestore (8.9.0):
    - FirebaseFirestore/AutodetectLeveldb (= 8.9.0)
  - FirebaseFirestore/AutodetectLeveldb (8.9.0):
    - FirebaseFirestore/Base
    - FirebaseFirestore/WithLeveldb
  - FirebaseFirestore/Base (8.9.0)
  - FirebaseFirestore/WithLeveldb (8.9.0):
    - FirebaseFirestore/Base

DEPENDENCIES:
  - FirebaseFirestore (from `https://github.com/invertase/firestore-ios-sdk-frameworks.git`, tag `8.9.0`)

EXTERNAL SOURCES:
  FirebaseFirestore:
    :git: https://github.com/invertase/firestore-ios-sdk-frameworks.git
    :tag: 8.9.0

CHECKOUT OPTIONS:
  FirebaseFirestore:
    :git: https://github.com/invertase/firestore-ios-sdk-frameworks.git
    :tag: 8.9.0

SPEC CHECKSUMS:
  FirebaseFirestore: 7c22bff6c0e1f222920cd110e9da13a117b61fea

PODFILE CHECKSUM: ac2de110e1b5f31eb7c637e87f78d8386174957e

COCOAPODS: 1.11.2
